
Microsoft Visual Studio Solution File, Format Version 12.00
# Visual Studio 15
VisualStudioVersion = 15.0.28307.645
MinimumVisualStudioVersion = 10.0.40219.1
Project("{FAE04EC0-301F-11D3-BF4B-00C04F79EFBC}") = "Maruščák-Náhodný Film Formy", "Maruščák-Náhodný Film Formy\Maruščák-Náhodný Film Formy.csproj", "{2314C123-0E74-4DFF-88B6-4CAD5171854F}"
EndProject
Global
	GlobalSection(SolutionConfigurationPlatforms) = preSolution
		Debug|Any CPU = Debug|Any CPU
		Release|Any CPU = Release|Any CPU
	EndGlobalSection
	GlobalSection(ProjectConfigurationPlatforms) = postSolution
		{2314C123-0E74-4DFF-88B6-4CAD5171854F}.Debug|Any CPU.ActiveCfg = Debug|Any CPU
		{2314C123-0E74-4DFF-88B6-4CAD5171854F}.Debug|Any CPU.Build.0 = Debug|Any CPU
		{2314C123-0E74-4DFF-88B6-4CAD5171854F}.Release|Any CPU.ActiveCfg = Release|Any CPU
		{2314C123-0E74-4DFF-88B6-4CAD5171854F}.Release|Any CPU.Build.0 = Release|Any CPU
	EndGlobalSection
	GlobalSection(SolutionProperties) = preSolution
		HideSolutionNode = FALSE
	EndGlobalSection
	GlobalSection(ExtensibilityGlobals) = postSolution
		SolutionGuid = {BC58E251-18F1-4850-B503-93149C207049}
	EndGlobalSection
EndGlobal
